
Microsoft Visual Studio Solution File, Format Version 12.00
# Visual Studio Version 16
VisualStudioVersion = 16.0.31911.196
MinimumVisualStudioVersion = 10.0.40219.1
Project("{FAE04EC0-301F-11D3-BF4B-00C04F79EFBC}") = "QuanLyQuanAn", "QuanLyQuanAn\QuanLyQuanAn.csproj", "{872B9C26-0F0D-4B87-9C6B-7A162ED84504}"
EndProject
Global
	GlobalSection(SolutionConfigurationPlatforms) = preSolution
		Debug|Any CPU = Debug|Any CPU
		Release|Any CPU = Release|Any CPU
	EndGlobalSection
	GlobalSection(ProjectConfigurationPlatforms) = postSolution
		{872B9C26-0F0D-4B87-9C6B-7A162ED84504}.Debug|Any CPU.ActiveCfg = Debug|Any CPU
		{872B9C26-0F0D-4B87-9C6B-7A162ED84504}.Debug|Any CPU.Build.0 = Debug|Any CPU
		{872B9C26-0F0D-4B87-9C6B-7A162ED84504}.Release|Any CPU.ActiveCfg = Release|Any CPU
		{872B9C26-0F0D-4B87-9C6B-7A162ED84504}.Release|Any CPU.Build.0 = Release|Any CPU
	EndGlobalSection
	GlobalSection(SolutionProperties) = preSolution
		HideSolutionNode = FALSE
	EndGlobalSection
	GlobalSection(ExtensibilityGlobals) = postSolution
		SolutionGuid = {2E97C106-6ABD-442E-937B-AEC006E16EDE}
	EndGlobalSection
EndGlobal
